
Microsoft Visual Studio Solution File, Format Version 12.00
# Visual Studio Version 17
VisualStudioVersion = 17.0.32112.339
MinimumVisualStudioVersion = 10.0.40219.1
Project("{FAE04EC0-301F-11D3-BF4B-00C04F79EFBC}") = "TradingdayDal", "TradingdayDal\TradingdayDal.csproj", "{5500A4B8-0C45-4752-9A6F-1C6514417D06}"
EndProject
Project("{FAE04EC0-301F-11D3-BF4B-00C04F79EFBC}") = "TradingDayUnitTests", "TradingDayUnitTests\TradingDayUnitTests.csproj", "{7A137FCC-F43C-44AC-8C13-5A33EDB578E3}"
EndProject
Global
	GlobalSection(SolutionConfigurationPlatforms) = preSolution
		Debug|Any CPU = Debug|Any CPU
		Release|Any CPU = Release|Any CPU
	EndGlobalSection
	GlobalSection(ProjectConfigurationPlatforms) = postSolution
		{5500A4B8-0C45-4752-9A6F-1C6514417D06}.Debug|Any CPU.ActiveCfg = Debug|Any CPU
		{5500A4B8-0C45-4752-9A6F-1C6514417D06}.Debug|Any CPU.Build.0 = Debug|Any CPU
		{5500A4B8-0C45-4752-9A6F-1C6514417D06}.Release|Any CPU.ActiveCfg = Release|Any CPU
		{5500A4B8-0C45-4752-9A6F-1C6514417D06}.Release|Any CPU.Build.0 = Release|Any CPU
		{7A137FCC-F43C-44AC-8C13-5A33EDB578E3}.Debug|Any CPU.ActiveCfg = Debug|Any CPU
		{7A137FCC-F43C-44AC-8C13-5A33EDB578E3}.Debug|Any CPU.Build.0 = Debug|Any CPU
		{7A137FCC-F43C-44AC-8C13-5A33EDB578E3}.Release|Any CPU.ActiveCfg = Release|Any CPU
		{7A137FCC-F43C-44AC-8C13-5A33EDB578E3}.Release|Any CPU.Build.0 = Release|Any CPU
	EndGlobalSection
	GlobalSection(SolutionProperties) = preSolution
		HideSolutionNode = FALSE
	EndGlobalSection
	GlobalSection(ExtensibilityGlobals) = postSolution
		SolutionGuid = {0EF34073-82EE-4DE5-89D8-984822F63FB7}
	EndGlobalSection
EndGlobal
