
Microsoft Visual Studio Solution File, Format Version 12.00
# Visual Studio Version 17
VisualStudioVersion = 17.0.32112.339
MinimumVisualStudioVersion = 10.0.40219.1
Project("{FAE04EC0-301F-11D3-BF4B-00C04F79EFBC}") = "NorthwindDal", "NorthwindDal\NorthwindDal.csproj", "{A71FD8E2-0F34-4D3E-9851-B241D4C7671A}"
EndProject
Project("{FAE04EC0-301F-11D3-BF4B-00C04F79EFBC}") = "NorthwindUi", "NorthwindUi\NorthwindUi.csproj", "{A1A6A08E-6AA8-4B2D-9D6B-C22C79E6C34A}"
EndProject
Global
	GlobalSection(SolutionConfigurationPlatforms) = preSolution
		Debug|Any CPU = Debug|Any CPU
		Release|Any CPU = Release|Any CPU
	EndGlobalSection
	GlobalSection(ProjectConfigurationPlatforms) = postSolution
		{A71FD8E2-0F34-4D3E-9851-B241D4C7671A}.Debug|Any CPU.ActiveCfg = Debug|Any CPU
		{A71FD8E2-0F34-4D3E-9851-B241D4C7671A}.Debug|Any CPU.Build.0 = Debug|Any CPU
		{A71FD8E2-0F34-4D3E-9851-B241D4C7671A}.Release|Any CPU.ActiveCfg = Release|Any CPU
		{A71FD8E2-0F34-4D3E-9851-B241D4C7671A}.Release|Any CPU.Build.0 = Release|Any CPU
		{A1A6A08E-6AA8-4B2D-9D6B-C22C79E6C34A}.Debug|Any CPU.ActiveCfg = Debug|Any CPU
		{A1A6A08E-6AA8-4B2D-9D6B-C22C79E6C34A}.Debug|Any CPU.Build.0 = Debug|Any CPU
		{A1A6A08E-6AA8-4B2D-9D6B-C22C79E6C34A}.Release|Any CPU.ActiveCfg = Release|Any CPU
		{A1A6A08E-6AA8-4B2D-9D6B-C22C79E6C34A}.Release|Any CPU.Build.0 = Release|Any CPU
	EndGlobalSection
	GlobalSection(SolutionProperties) = preSolution
		HideSolutionNode = FALSE
	EndGlobalSection
	GlobalSection(ExtensibilityGlobals) = postSolution
		SolutionGuid = {31C27025-F9DE-41E8-AB4A-E986E015AC77}
	EndGlobalSection
EndGlobal
